
Microsoft Visual Studio Solution File, Format Version 12.00
# Visual Studio Version 17
VisualStudioVersion = 17.5.33516.290
MinimumVisualStudioVersion = 10.0.40219.1
Project("{778DAE3C-4631-46EA-AA77-85C1314464D9}") = "TeCASettings", "TeCASettings.vbproj", "{CA30A627-81AC-40F4-8F78-DCC0FBC8EAE2}"
EndProject
Project("{778DAE3C-4631-46EA-AA77-85C1314464D9}") = "TeBack", "..\TeCA_DBbackup\TeBack.vbproj", "{440C30F9-761A-412F-816B-57B5F3A5DAAE}"
EndProject
Project("{778DAE3C-4631-46EA-AA77-85C1314464D9}") = "PChange", "..\TeCATLS12\PChange.vbproj", "{D5535C6C-D541-44BB-A088-B07E6CA79E6F}"
EndProject
Project("{778DAE3C-4631-46EA-AA77-85C1314464D9}") = "FileChange", "..\FileChange\FileChange.vbproj", "{F4A1534D-8DFA-4F77-A5D4-D95BC33CB31F}"
EndProject
Project("{778DAE3C-4631-46EA-AA77-85C1314464D9}") = "TeCrypt", "..\TeCrypt\TeCrypt.vbproj", "{434ADD9B-7054-438A-A3FA-DDF2F3BBBC8B}"
EndProject
Project("{778DAE3C-4631-46EA-AA77-85C1314464D9}") = "JavaClientConfig", "..\JavaClientConfig\JavaClientConfig.vbproj", "{5A97C5A2-C9B5-4488-A531-778C585099AC}"
EndProject
Project("{778DAE3C-4631-46EA-AA77-85C1314464D9}") = "TeCAcmd", "..\RebooTeCA\TeCAcmd.vbproj", "{C28B2AC9-8833-4A97-B828-FE6480CCCE41}"
EndProject
Project("{778DAE3C-4631-46EA-AA77-85C1314464D9}") = "TaskMaker", "..\TaskMaker\TaskMaker.vbproj", "{0C1732D5-3E6D-4463-A323-305F04FE8276}"
EndProject
Project("{54435603-DBB4-11D2-8724-00A0C9A8B90C}") = "TeCASettingsSetup", "..\TeCASettingsSetup\TeCASettingsSetup.vdproj", "{62F152BB-BE02-4840-B142-FC4170508FC0}"
EndProject
Project("{F184B08F-C81C-45F6-A57F-5ABD9991F28F}") = "tc_update", "..\tc_update\tc_update.vbproj", "{08A17FFE-815B-457C-B086-159CECE202A8}"
EndProject
Global
	GlobalSection(SolutionConfigurationPlatforms) = preSolution
		Debug|Any CPU = Debug|Any CPU
		Debug|x64 = Debug|x64
		NewRelease|Any CPU = NewRelease|Any CPU
		NewRelease|x64 = NewRelease|x64
		NewRelease2|Any CPU = NewRelease2|Any CPU
		NewRelease2|x64 = NewRelease2|x64
		Release|Any CPU = Release|Any CPU
		Release|x64 = Release|x64
	EndGlobalSection
	GlobalSection(ProjectConfigurationPlatforms) = postSolution
		{CA30A627-81AC-40F4-8F78-DCC0FBC8EAE2}.Debug|Any CPU.ActiveCfg = Debug|Any CPU
		{CA30A627-81AC-40F4-8F78-DCC0FBC8EAE2}.Debug|Any CPU.Build.0 = Debug|Any CPU
		{CA30A627-81AC-40F4-8F78-DCC0FBC8EAE2}.Debug|x64.ActiveCfg = Debug|Any CPU
		{CA30A627-81AC-40F4-8F78-DCC0FBC8EAE2}.Debug|x64.Build.0 = Debug|Any CPU
		{CA30A627-81AC-40F4-8F78-DCC0FBC8EAE2}.NewRelease|Any CPU.ActiveCfg = NewRelease|Any CPU
		{CA30A627-81AC-40F4-8F78-DCC0FBC8EAE2}.NewRelease|Any CPU.Build.0 = NewRelease|Any CPU
		{CA30A627-81AC-40F4-8F78-DCC0FBC8EAE2}.NewRelease|x64.ActiveCfg = NewRelease|Any CPU
		{CA30A627-81AC-40F4-8F78-DCC0FBC8EAE2}.NewRelease|x64.Build.0 = NewRelease|Any CPU
		{CA30A627-81AC-40F4-8F78-DCC0FBC8EAE2}.NewRelease2|Any CPU.ActiveCfg = NewRelease2|Any CPU
		{CA30A627-81AC-40F4-8F78-DCC0FBC8EAE2}.NewRelease2|x64.ActiveCfg = NewRelease2|x64
		{CA30A627-81AC-40F4-8F78-DCC0FBC8EAE2}.NewRelease2|x64.Build.0 = NewRelease2|x64
		{CA30A627-81AC-40F4-8F78-DCC0FBC8EAE2}.Release|Any CPU.ActiveCfg = Release|Any CPU
		{CA30A627-81AC-40F4-8F78-DCC0FBC8EAE2}.Release|x64.ActiveCfg = Release|x64
		{CA30A627-81AC-40F4-8F78-DCC0FBC8EAE2}.Release|x64.Build.0 = Release|x64
		{440C30F9-761A-412F-816B-57B5F3A5DAAE}.Debug|Any CPU.ActiveCfg = Debug|Any CPU
		{440C30F9-761A-412F-816B-57B5F3A5DAAE}.Debug|Any CPU.Build.0 = Debug|Any CPU
		{440C30F9-761A-412F-816B-57B5F3A5DAAE}.Debug|x64.ActiveCfg = Debug|Any CPU
		{440C30F9-761A-412F-816B-57B5F3A5DAAE}.Debug|x64.Build.0 = Debug|Any CPU
		{440C30F9-761A-412F-816B-57B5F3A5DAAE}.NewRelease|Any CPU.ActiveCfg = NewRelease|Any CPU
		{440C30F9-761A-412F-816B-57B5F3A5DAAE}.NewRelease|Any CPU.Build.0 = NewRelease|Any CPU
		{440C30F9-761A-412F-816B-57B5F3A5DAAE}.NewRelease|x64.ActiveCfg = NewRelease|Any CPU
		{440C30F9-761A-412F-816B-57B5F3A5DAAE}.NewRelease|x64.Build.0 = NewRelease|Any CPU
		{440C30F9-761A-412F-816B-57B5F3A5DAAE}.NewRelease2|Any CPU.ActiveCfg = NewRelease2|Any CPU
		{440C30F9-761A-412F-816B-57B5F3A5DAAE}.NewRelease2|x64.ActiveCfg = NewRelease2|Any CPU
		{440C30F9-761A-412F-816B-57B5F3A5DAAE}.NewRelease2|x64.Build.0 = NewRelease2|Any CPU
		{440C30F9-761A-412F-816B-57B5F3A5DAAE}.Release|Any CPU.ActiveCfg = Release|Any CPU
		{440C30F9-761A-412F-816B-57B5F3A5DAAE}.Release|x64.ActiveCfg = Release|x64
		{440C30F9-761A-412F-816B-57B5F3A5DAAE}.Release|x64.Build.0 = Release|x64
		{D5535C6C-D541-44BB-A088-B07E6CA79E6F}.Debug|Any CPU.ActiveCfg = Debug|Any CPU
		{D5535C6C-D541-44BB-A088-B07E6CA79E6F}.Debug|Any CPU.Build.0 = Debug|Any CPU
		{D5535C6C-D541-44BB-A088-B07E6CA79E6F}.Debug|x64.ActiveCfg = Debug|Any CPU
		{D5535C6C-D541-44BB-A088-B07E6CA79E6F}.Debug|x64.Build.0 = Debug|Any CPU
		{D5535C6C-D541-44BB-A088-B07E6CA79E6F}.NewRelease|Any CPU.ActiveCfg = Release|Any CPU
		{D5535C6C-D541-44BB-A088-B07E6CA79E6F}.NewRelease|Any CPU.Build.0 = Release|Any CPU
		{D5535C6C-D541-44BB-A088-B07E6CA79E6F}.NewRelease|x64.ActiveCfg = NewRelease|Any CPU
		{D5535C6C-D541-44BB-A088-B07E6CA79E6F}.NewRelease|x64.Build.0 = NewRelease|Any CPU
		{D5535C6C-D541-44BB-A088-B07E6CA79E6F}.NewRelease2|Any CPU.ActiveCfg = NewRelease2|Any CPU
		{D5535C6C-D541-44BB-A088-B07E6CA79E6F}.NewRelease2|x64.ActiveCfg = NewRelease2|Any CPU
		{D5535C6C-D541-44BB-A088-B07E6CA79E6F}.NewRelease2|x64.Build.0 = NewRelease2|Any CPU
		{D5535C6C-D541-44BB-A088-B07E6CA79E6F}.Release|Any CPU.ActiveCfg = Release|Any CPU
		{D5535C6C-D541-44BB-A088-B07E6CA79E6F}.Release|x64.ActiveCfg = Release|x64
		{D5535C6C-D541-44BB-A088-B07E6CA79E6F}.Release|x64.Build.0 = Release|x64
		{F4A1534D-8DFA-4F77-A5D4-D95BC33CB31F}.Debug|Any CPU.ActiveCfg = Debug|Any CPU
		{F4A1534D-8DFA-4F77-A5D4-D95BC33CB31F}.Debug|Any CPU.Build.0 = Debug|Any CPU
		{F4A1534D-8DFA-4F77-A5D4-D95BC33CB31F}.Debug|x64.ActiveCfg = Debug|Any CPU
		{F4A1534D-8DFA-4F77-A5D4-D95BC33CB31F}.Debug|x64.Build.0 = Debug|Any CPU
		{F4A1534D-8DFA-4F77-A5D4-D95BC33CB31F}.NewRelease|Any CPU.ActiveCfg = Release|Any CPU
		{F4A1534D-8DFA-4F77-A5D4-D95BC33CB31F}.NewRelease|Any CPU.Build.0 = Release|Any CPU
		{F4A1534D-8DFA-4F77-A5D4-D95BC33CB31F}.NewRelease|x64.ActiveCfg = Release|Any CPU
		{F4A1534D-8DFA-4F77-A5D4-D95BC33CB31F}.NewRelease|x64.Build.0 = Release|Any CPU
		{F4A1534D-8DFA-4F77-A5D4-D95BC33CB31F}.NewRelease2|Any CPU.ActiveCfg = Release|Any CPU
		{F4A1534D-8DFA-4F77-A5D4-D95BC33CB31F}.NewRelease2|Any CPU.Build.0 = Release|Any CPU
		{F4A1534D-8DFA-4F77-A5D4-D95BC33CB31F}.NewRelease2|x64.ActiveCfg = Release|Any CPU
		{F4A1534D-8DFA-4F77-A5D4-D95BC33CB31F}.NewRelease2|x64.Build.0 = Release|Any CPU
		{F4A1534D-8DFA-4F77-A5D4-D95BC33CB31F}.Release|Any CPU.ActiveCfg = Release|Any CPU
		{F4A1534D-8DFA-4F77-A5D4-D95BC33CB31F}.Release|Any CPU.Build.0 = Release|Any CPU
		{F4A1534D-8DFA-4F77-A5D4-D95BC33CB31F}.Release|x64.ActiveCfg = Release|x64
		{F4A1534D-8DFA-4F77-A5D4-D95BC33CB31F}.Release|x64.Build.0 = Release|x64
		{434ADD9B-7054-438A-A3FA-DDF2F3BBBC8B}.Debug|Any CPU.ActiveCfg = Debug|Any CPU
		{434ADD9B-7054-438A-A3FA-DDF2F3BBBC8B}.Debug|Any CPU.Build.0 = Debug|Any CPU
		{434ADD9B-7054-438A-A3FA-DDF2F3BBBC8B}.Debug|x64.ActiveCfg = Debug|Any CPU
		{434ADD9B-7054-438A-A3FA-DDF2F3BBBC8B}.Debug|x64.Build.0 = Debug|Any CPU
		{434ADD9B-7054-438A-A3FA-DDF2F3BBBC8B}.NewRelease|Any CPU.ActiveCfg = Release|Any CPU
		{434ADD9B-7054-438A-A3FA-DDF2F3BBBC8B}.NewRelease|Any CPU.Build.0 = Release|Any CPU
		{434ADD9B-7054-438A-A3FA-DDF2F3BBBC8B}.NewRelease|x64.ActiveCfg = Release|Any CPU
		{434ADD9B-7054-438A-A3FA-DDF2F3BBBC8B}.NewRelease|x64.Build.0 = Release|Any CPU
		{434ADD9B-7054-438A-A3FA-DDF2F3BBBC8B}.NewRelease2|Any CPU.ActiveCfg = Release|Any CPU
		{434ADD9B-7054-438A-A3FA-DDF2F3BBBC8B}.NewRelease2|Any CPU.Build.0 = Release|Any CPU
		{434ADD9B-7054-438A-A3FA-DDF2F3BBBC8B}.NewRelease2|x64.ActiveCfg = Release|Any CPU
		{434ADD9B-7054-438A-A3FA-DDF2F3BBBC8B}.NewRelease2|x64.Build.0 = Release|Any CPU
		{434ADD9B-7054-438A-A3FA-DDF2F3BBBC8B}.Release|Any CPU.ActiveCfg = Release|Any CPU
		{434ADD9B-7054-438A-A3FA-DDF2F3BBBC8B}.Release|Any CPU.Build.0 = Release|Any CPU
		{434ADD9B-7054-438A-A3FA-DDF2F3BBBC8B}.Release|x64.ActiveCfg = Release|x64
		{434ADD9B-7054-438A-A3FA-DDF2F3BBBC8B}.Release|x64.Build.0 = Release|x64
		{5A97C5A2-C9B5-4488-A531-778C585099AC}.Debug|Any CPU.ActiveCfg = Debug|Any CPU
		{5A97C5A2-C9B5-4488-A531-778C585099AC}.Debug|Any CPU.Build.0 = Debug|Any CPU
		{5A97C5A2-C9B5-4488-A531-778C585099AC}.Debug|x64.ActiveCfg = Debug|Any CPU
		{5A97C5A2-C9B5-4488-A531-778C585099AC}.Debug|x64.Build.0 = Debug|Any CPU
		{5A97C5A2-C9B5-4488-A531-778C585099AC}.NewRelease|Any CPU.ActiveCfg = Release|Any CPU
		{5A97C5A2-C9B5-4488-A531-778C585099AC}.NewRelease|Any CPU.Build.0 = Release|Any CPU
		{5A97C5A2-C9B5-4488-A531-778C585099AC}.NewRelease|x64.ActiveCfg = Release|Any CPU
		{5A97C5A2-C9B5-4488-A531-778C585099AC}.NewRelease|x64.Build.0 = Release|Any CPU
		{5A97C5A2-C9B5-4488-A531-778C585099AC}.NewRelease2|Any CPU.ActiveCfg = Release|Any CPU
		{5A97C5A2-C9B5-4488-A531-778C585099AC}.NewRelease2|Any CPU.Build.0 = Release|Any CPU
		{5A97C5A2-C9B5-4488-A531-778C585099AC}.NewRelease2|x64.ActiveCfg = Release|Any CPU
		{5A97C5A2-C9B5-4488-A531-778C585099AC}.NewRelease2|x64.Build.0 = Release|Any CPU
		{5A97C5A2-C9B5-4488-A531-778C585099AC}.Release|Any CPU.ActiveCfg = Release|Any CPU
		{5A97C5A2-C9B5-4488-A531-778C585099AC}.Release|Any CPU.Build.0 = Release|Any CPU
		{5A97C5A2-C9B5-4488-A531-778C585099AC}.Release|x64.ActiveCfg = Release|x64
		{5A97C5A2-C9B5-4488-A531-778C585099AC}.Release|x64.Build.0 = Release|x64
		{C28B2AC9-8833-4A97-B828-FE6480CCCE41}.Debug|Any CPU.ActiveCfg = Debug|Any CPU
		{C28B2AC9-8833-4A97-B828-FE6480CCCE41}.Debug|Any CPU.Build.0 = Debug|Any CPU
		{C28B2AC9-8833-4A97-B828-FE6480CCCE41}.Debug|x64.ActiveCfg = Debug|x64
		{C28B2AC9-8833-4A97-B828-FE6480CCCE41}.Debug|x64.Build.0 = Debug|x64
		{C28B2AC9-8833-4A97-B828-FE6480CCCE41}.NewRelease|Any CPU.ActiveCfg = Release|Any CPU
		{C28B2AC9-8833-4A97-B828-FE6480CCCE41}.NewRelease|Any CPU.Build.0 = Release|Any CPU
		{C28B2AC9-8833-4A97-B828-FE6480CCCE41}.NewRelease|x64.ActiveCfg = Release|x64
		{C28B2AC9-8833-4A97-B828-FE6480CCCE41}.NewRelease|x64.Build.0 = Release|x64
		{C28B2AC9-8833-4A97-B828-FE6480CCCE41}.NewRelease2|Any CPU.ActiveCfg = Release|Any CPU
		{C28B2AC9-8833-4A97-B828-FE6480CCCE41}.NewRelease2|Any CPU.Build.0 = Release|Any CPU
		{C28B2AC9-8833-4A97-B828-FE6480CCCE41}.NewRelease2|x64.ActiveCfg = Release|x64
		{C28B2AC9-8833-4A97-B828-FE6480CCCE41}.NewRelease2|x64.Build.0 = Release|x64
		{C28B2AC9-8833-4A97-B828-FE6480CCCE41}.Release|Any CPU.ActiveCfg = Release|Any CPU
		{C28B2AC9-8833-4A97-B828-FE6480CCCE41}.Release|Any CPU.Build.0 = Release|Any CPU
		{C28B2AC9-8833-4A97-B828-FE6480CCCE41}.Release|x64.ActiveCfg = Release|x64
		{C28B2AC9-8833-4A97-B828-FE6480CCCE41}.Release|x64.Build.0 = Release|x64
		{0C1732D5-3E6D-4463-A323-305F04FE8276}.Debug|Any CPU.ActiveCfg = Debug|Any CPU
		{0C1732D5-3E6D-4463-A323-305F04FE8276}.Debug|Any CPU.Build.0 = Debug|Any CPU
		{0C1732D5-3E6D-4463-A323-305F04FE8276}.Debug|x64.ActiveCfg = Debug|Any CPU
		{0C1732D5-3E6D-4463-A323-305F04FE8276}.Debug|x64.Build.0 = Debug|Any CPU
		{0C1732D5-3E6D-4463-A323-305F04FE8276}.NewRelease|Any CPU.ActiveCfg = Release|Any CPU
		{0C1732D5-3E6D-4463-A323-305F04FE8276}.NewRelease|Any CPU.Build.0 = Release|Any CPU
		{0C1732D5-3E6D-4463-A323-305F04FE8276}.NewRelease|x64.ActiveCfg = Release|Any CPU
		{0C1732D5-3E6D-4463-A323-305F04FE8276}.NewRelease|x64.Build.0 = Release|Any CPU
		{0C1732D5-3E6D-4463-A323-305F04FE8276}.NewRelease2|Any CPU.ActiveCfg = Release|Any CPU
		{0C1732D5-3E6D-4463-A323-305F04FE8276}.NewRelease2|Any CPU.Build.0 = Release|Any CPU
		{0C1732D5-3E6D-4463-A323-305F04FE8276}.NewRelease2|x64.ActiveCfg = Release|Any CPU
		{0C1732D5-3E6D-4463-A323-305F04FE8276}.NewRelease2|x64.Build.0 = Release|Any CPU
		{0C1732D5-3E6D-4463-A323-305F04FE8276}.Release|Any CPU.ActiveCfg = Release|Any CPU
		{0C1732D5-3E6D-4463-A323-305F04FE8276}.Release|Any CPU.Build.0 = Release|Any CPU
		{0C1732D5-3E6D-4463-A323-305F04FE8276}.Release|x64.ActiveCfg = Release|x86
		{0C1732D5-3E6D-4463-A323-305F04FE8276}.Release|x64.Build.0 = Release|x86
		{62F152BB-BE02-4840-B142-FC4170508FC0}.Debug|Any CPU.ActiveCfg = Debug
		{62F152BB-BE02-4840-B142-FC4170508FC0}.Debug|x64.ActiveCfg = Debug
		{62F152BB-BE02-4840-B142-FC4170508FC0}.NewRelease|Any CPU.ActiveCfg = Release
		{62F152BB-BE02-4840-B142-FC4170508FC0}.NewRelease|x64.ActiveCfg = Release
		{62F152BB-BE02-4840-B142-FC4170508FC0}.NewRelease2|Any CPU.ActiveCfg = Release
		{62F152BB-BE02-4840-B142-FC4170508FC0}.NewRelease2|x64.ActiveCfg = Release
		{62F152BB-BE02-4840-B142-FC4170508FC0}.Release|Any CPU.ActiveCfg = Release
		{62F152BB-BE02-4840-B142-FC4170508FC0}.Release|x64.ActiveCfg = Release
		{62F152BB-BE02-4840-B142-FC4170508FC0}.Release|x64.Build.0 = Release
		{08A17FFE-815B-457C-B086-159CECE202A8}.Debug|Any CPU.ActiveCfg = Debug|Any CPU
		{08A17FFE-815B-457C-B086-159CECE202A8}.Debug|Any CPU.Build.0 = Debug|Any CPU
		{08A17FFE-815B-457C-B086-159CECE202A8}.Debug|x64.ActiveCfg = Debug|Any CPU
		{08A17FFE-815B-457C-B086-159CECE202A8}.Debug|x64.Build.0 = Debug|Any CPU
		{08A17FFE-815B-457C-B086-159CECE202A8}.NewRelease|Any CPU.ActiveCfg = Release|Any CPU
		{08A17FFE-815B-457C-B086-159CECE202A8}.NewRelease|Any CPU.Build.0 = Release|Any CPU
		{08A17FFE-815B-457C-B086-159CECE202A8}.NewRelease|x64.ActiveCfg = Release|Any CPU
		{08A17FFE-815B-457C-B086-159CECE202A8}.NewRelease|x64.Build.0 = Release|Any CPU
		{08A17FFE-815B-457C-B086-159CECE202A8}.NewRelease2|Any CPU.ActiveCfg = Release|Any CPU
		{08A17FFE-815B-457C-B086-159CECE202A8}.NewRelease2|Any CPU.Build.0 = Release|Any CPU
		{08A17FFE-815B-457C-B086-159CECE202A8}.NewRelease2|x64.ActiveCfg = Release|Any CPU
		{08A17FFE-815B-457C-B086-159CECE202A8}.NewRelease2|x64.Build.0 = Release|Any CPU
		{08A17FFE-815B-457C-B086-159CECE202A8}.Release|Any CPU.ActiveCfg = Release|Any CPU
		{08A17FFE-815B-457C-B086-159CECE202A8}.Release|Any CPU.Build.0 = Release|Any CPU
		{08A17FFE-815B-457C-B086-159CECE202A8}.Release|x64.ActiveCfg = Release|x64
		{08A17FFE-815B-457C-B086-159CECE202A8}.Release|x64.Build.0 = Release|x64
	EndGlobalSection
	GlobalSection(SolutionProperties) = preSolution
		HideSolutionNode = FALSE
	EndGlobalSection
	GlobalSection(ExtensibilityGlobals) = postSolution
		SolutionGuid = {A600AE77-47B0-4567-B859-407ADD2608ED}
	EndGlobalSection
EndGlobal
